
Microsoft Visual Studio Solution File, Format Version 12.00
# Visual Studio 15
VisualStudioVersion = 15.0.28307.1433
MinimumVisualStudioVersion = 10.0.40219.1
Project("{FAE04EC0-301F-11D3-BF4B-00C04F79EFBC}") = "TravelRecordApp1.Android", "TravelRecordApp1\TravelRecordApp1.Android\TravelRecordApp1.Android.csproj", "{9C2DFC3F-F859-421A-BF35-AA8C29D679E8}"
EndProject
Project("{FAE04EC0-301F-11D3-BF4B-00C04F79EFBC}") = "TravelRecordApp1.iOS", "TravelRecordApp1\TravelRecordApp1.iOS\TravelRecordApp1.iOS.csproj", "{B0B3A150-E51B-4170-B87F-11100A218520}"
EndProject
Project("{FAE04EC0-301F-11D3-BF4B-00C04F79EFBC}") = "TravelRecordApp1.UWP", "TravelRecordApp1\TravelRecordApp1.UWP\TravelRecordApp1.UWP.csproj", "{28319D48-063F-49E2-94DA-A0B3EE7287B3}"
EndProject
Project("{FAE04EC0-301F-11D3-BF4B-00C04F79EFBC}") = "TravelRecordApp1", "TravelRecordApp1\TravelRecordApp1\TravelRecordApp1.csproj", "{AD62932D-B0ED-4EC5-9CA5-2E8507C7B3A1}"
EndProject
Global
	GlobalSection(SolutionConfigurationPlatforms) = preSolution
		Ad-Hoc|Any CPU = Ad-Hoc|Any CPU
		Ad-Hoc|ARM = Ad-Hoc|ARM
		Ad-Hoc|iPhone = Ad-Hoc|iPhone
		Ad-Hoc|iPhoneSimulator = Ad-Hoc|iPhoneSimulator
		Ad-Hoc|x64 = Ad-Hoc|x64
		Ad-Hoc|x86 = Ad-Hoc|x86
		AppStore|Any CPU = AppStore|Any CPU
		AppStore|ARM = AppStore|ARM
		AppStore|iPhone = AppStore|iPhone
		AppStore|iPhoneSimulator = AppStore|iPhoneSimulator
		AppStore|x64 = AppStore|x64
		AppStore|x86 = AppStore|x86
		Debug|Any CPU = Debug|Any CPU
		Debug|ARM = Debug|ARM
		Debug|iPhone = Debug|iPhone
		Debug|iPhoneSimulator = Debug|iPhoneSimulator
		Debug|x64 = Debug|x64
		Debug|x86 = Debug|x86
		Release|Any CPU = Release|Any CPU
		Release|ARM = Release|ARM
		Release|iPhone = Release|iPhone
		Release|iPhoneSimulator = Release|iPhoneSimulator
		Release|x64 = Release|x64
		Release|x86 = Release|x86
	EndGlobalSection
	GlobalSection(ProjectConfigurationPlatforms) = postSolution
		{9C2DFC3F-F859-421A-BF35-AA8C29D679E8}.Ad-Hoc|Any CPU.ActiveCfg = Release|Any CPU
		{9C2DFC3F-F859-421A-BF35-AA8C29D679E8}.Ad-Hoc|Any CPU.Build.0 = Release|Any CPU
		{9C2DFC3F-F859-421A-BF35-AA8C29D679E8}.Ad-Hoc|Any CPU.Deploy.0 = Release|Any CPU
		{9C2DFC3F-F859-421A-BF35-AA8C29D679E8}.Ad-Hoc|ARM.ActiveCfg = Release|Any CPU
		{9C2DFC3F-F859-421A-BF35-AA8C29D679E8}.Ad-Hoc|ARM.Build.0 = Release|Any CPU
		{9C2DFC3F-F859-421A-BF35-AA8C29D679E8}.Ad-Hoc|ARM.Deploy.0 = Release|Any CPU
		{9C2DFC3F-F859-421A-BF35-AA8C29D679E8}.Ad-Hoc|iPhone.ActiveCfg = Release|Any CPU
		{9C2DFC3F-F859-421A-BF35-AA8C29D679E8}.Ad-Hoc|iPhone.Build.0 = Release|Any CPU
		{9C2DFC3F-F859-421A-BF35-AA8C29D679E8}.Ad-Hoc|iPhone.Deploy.0 = Release|Any CPU
		{9C2DFC3F-F859-421A-BF35-AA8C29D679E8}.Ad-Hoc|iPhoneSimulator.ActiveCfg = Release|Any CPU
		{9C2DFC3F-F859-421A-BF35-AA8C29D679E8}.Ad-Hoc|iPhoneSimulator.Build.0 = Release|Any CPU
		{9C2DFC3F-F859-421A-BF35-AA8C29D679E8}.Ad-Hoc|iPhoneSimulator.Deploy.0 = Release|Any CPU
		{9C2DFC3F-F859-421A-BF35-AA8C29D679E8}.Ad-Hoc|x64.ActiveCfg = Release|Any CPU
		{9C2DFC3F-F859-421A-BF35-AA8C29D679E8}.Ad-Hoc|x64.Build.0 = Release|Any CPU
		{9C2DFC3F-F859-421A-BF35-AA8C29D679E8}.Ad-Hoc|x64.Deploy.0 = Release|Any CPU
		{9C2DFC3F-F859-421A-BF35-AA8C29D679E8}.Ad-Hoc|x86.ActiveCfg = Release|Any CPU
		{9C2DFC3F-F859-421A-BF35-AA8C29D679E8}.Ad-Hoc|x86.Build.0 = Release|Any CPU
		{9C2DFC3F-F859-421A-BF35-AA8C29D679E8}.Ad-Hoc|x86.Deploy.0 = Release|Any CPU
		{9C2DFC3F-F859-421A-BF35-AA8C29D679E8}.AppStore|Any CPU.ActiveCfg = Release|Any CPU
		{9C2DFC3F-F859-421A-BF35-AA8C29D679E8}.AppStore|Any CPU.Build.0 = Release|Any CPU
		{9C2DFC3F-F859-421A-BF35-AA8C29D679E8}.AppStore|Any CPU.Deploy.0 = Release|Any CPU
		{9C2DFC3F-F859-421A-BF35-AA8C29D679E8}.AppStore|ARM.ActiveCfg = Release|Any CPU
		{9C2DFC3F-F859-421A-BF35-AA8C29D679E8}.AppStore|ARM.Build.0 = Release|Any CPU
		{9C2DFC3F-F859-421A-BF35-AA8C29D679E8}.AppStore|ARM.Deploy.0 = Release|Any CPU
		{9C2DFC3F-F859-421A-BF35-AA8C29D679E8}.AppStore|iPhone.ActiveCfg = Release|Any CPU
		{9C2DFC3F-F859-421A-BF35-AA8C29D679E8}.AppStore|iPhone.Build.0 = Release|Any CPU
		{9C2DFC3F-F859-421A-BF35-AA8C29D679E8}.AppStore|iPhone.Deploy.0 = Release|Any CPU
		{9C2DFC3F-F859-421A-BF35-AA8C29D679E8}.AppStore|iPhoneSimulator.ActiveCfg = Release|Any CPU
		{9C2DFC3F-F859-421A-BF35-AA8C29D679E8}.AppStore|iPhoneSimulator.Build.0 = Release|Any CPU
		{9C2DFC3F-F859-421A-BF35-AA8C29D679E8}.AppStore|iPhoneSimulator.Deploy.0 = Release|Any CPU
		{9C2DFC3F-F859-421A-BF35-AA8C29D679E8}.AppStore|x64.ActiveCfg = Release|Any CPU
		{9C2DFC3F-F859-421A-BF35-AA8C29D679E8}.AppStore|x64.Build.0 = Release|Any CPU
		{9C2DFC3F-F859-421A-BF35-AA8C29D679E8}.AppStore|x64.Deploy.0 = Release|Any CPU
		{9C2DFC3F-F859-421A-BF35-AA8C29D679E8}.AppStore|x86.ActiveCfg = Release|Any CPU
		{9C2DFC3F-F859-421A-BF35-AA8C29D679E8}.AppStore|x86.Build.0 = Release|Any CPU
		{9C2DFC3F-F859-421A-BF35-AA8C29D679E8}.AppStore|x86.Deploy.0 = Release|Any CPU
		{9C2DFC3F-F859-421A-BF35-AA8C29D679E8}.Debug|Any CPU.ActiveCfg = Debug|Any CPU
		{9C2DFC3F-F859-421A-BF35-AA8C29D679E8}.Debug|Any CPU.Build.0 = Debug|Any CPU
		{9C2DFC3F-F859-421A-BF35-AA8C29D679E8}.Debug|Any CPU.Deploy.0 = Debug|Any CPU
		{9C2DFC3F-F859-421A-BF35-AA8C29D679E8}.Debug|ARM.ActiveCfg = Debug|Any CPU
		{9C2DFC3F-F859-421A-BF35-AA8C29D679E8}.Debug|ARM.Build.0 = Debug|Any CPU
		{9C2DFC3F-F859-421A-BF35-AA8C29D679E8}.Debug|ARM.Deploy.0 = Debug|Any CPU
		{9C2DFC3F-F859-421A-BF35-AA8C29D679E8}.Debug|iPhone.ActiveCfg = Debug|Any CPU
		{9C2DFC3F-F859-421A-BF35-AA8C29D679E8}.Debug|iPhone.Build.0 = Debug|Any CPU
		{9C2DFC3F-F859-421A-BF35-AA8C29D679E8}.Debug|iPhone.Deploy.0 = Debug|Any CPU
		{9C2DFC3F-F859-421A-BF35-AA8C29D679E8}.Debug|iPhoneSimulator.ActiveCfg = Debug|Any CPU
		{9C2DFC3F-F859-421A-BF35-AA8C29D679E8}.Debug|iPhoneSimulator.Build.0 = Debug|Any CPU
		{9C2DFC3F-F859-421A-BF35-AA8C29D679E8}.Debug|iPhoneSimulator.Deploy.0 = Debug|Any CPU
		{9C2DFC3F-F859-421A-BF35-AA8C29D679E8}.Debug|x64.ActiveCfg = Debug|Any CPU
		{9C2DFC3F-F859-421A-BF35-AA8C29D679E8}.Debug|x64.Build.0 = Debug|Any CPU
		{9C2DFC3F-F859-421A-BF35-AA8C29D679E8}.Debug|x64.Deploy.0 = Debug|Any CPU
		{9C2DFC3F-F859-421A-BF35-AA8C29D679E8}.Debug|x86.ActiveCfg = Debug|Any CPU
		{9C2DFC3F-F859-421A-BF35-AA8C29D679E8}.Debug|x86.Build.0 = Debug|Any CPU
		{9C2DFC3F-F859-421A-BF35-AA8C29D679E8}.Debug|x86.Deploy.0 = Debug|Any CPU
		{9C2DFC3F-F859-421A-BF35-AA8C29D679E8}.Release|Any CPU.ActiveCfg = Release|Any CPU
		{9C2DFC3F-F859-421A-BF35-AA8C29D679E8}.Release|Any CPU.Build.0 = Release|Any CPU
		{9C2DFC3F-F859-421A-BF35-AA8C29D679E8}.Release|Any CPU.Deploy.0 = Release|Any CPU
		{9C2DFC3F-F859-421A-BF35-AA8C29D679E8}.Release|ARM.ActiveCfg = Release|Any CPU
		{9C2DFC3F-F859-421A-BF35-AA8C29D679E8}.Release|ARM.Build.0 = Release|Any CPU
		{9C2DFC3F-F859-421A-BF35-AA8C29D679E8}.Release|ARM.Deploy.0 = Release|Any CPU
		{9C2DFC3F-F859-421A-BF35-AA8C29D679E8}.Release|iPhone.ActiveCfg = Release|Any CPU
		{9C2DFC3F-F859-421A-BF35-AA8C29D679E8}.Release|iPhone.Build.0 = Release|Any CPU
		{9C2DFC3F-F859-421A-BF35-AA8C29D679E8}.Release|iPhone.Deploy.0 = Release|Any CPU
		{9C2DFC3F-F859-421A-BF35-AA8C29D679E8}.Release|iPhoneSimulator.ActiveCfg = Release|Any CPU
		{9C2DFC3F-F859-421A-BF35-AA8C29D679E8}.Release|iPhoneSimulator.Build.0 = Release|Any CPU
		{9C2DFC3F-F859-421A-BF35-AA8C29D679E8}.Release|iPhoneSimulator.Deploy.0 = Release|Any CPU
		{9C2DFC3F-F859-421A-BF35-AA8C29D679E8}.Release|x64.ActiveCfg = Release|Any CPU
		{9C2DFC3F-F859-421A-BF35-AA8C29D679E8}.Release|x64.Build.0 = Release|Any CPU
		{9C2DFC3F-F859-421A-BF35-AA8C29D679E8}.Release|x64.Deploy.0 = Release|Any CPU
		{9C2DFC3F-F859-421A-BF35-AA8C29D679E8}.Release|x86.ActiveCfg = Release|Any CPU
		{9C2DFC3F-F859-421A-BF35-AA8C29D679E8}.Release|x86.Build.0 = Release|Any CPU
		{9C2DFC3F-F859-421A-BF35-AA8C29D679E8}.Release|x86.Deploy.0 = Release|Any CPU
		{B0B3A150-E51B-4170-B87F-11100A218520}.Ad-Hoc|Any CPU.ActiveCfg = Ad-Hoc|iPhone
		{B0B3A150-E51B-4170-B87F-11100A218520}.Ad-Hoc|Any CPU.Build.0 = Ad-Hoc|iPhone
		{B0B3A150-E51B-4170-B87F-11100A218520}.Ad-Hoc|Any CPU.Deploy.0 = Ad-Hoc|iPhone
		{B0B3A150-E51B-4170-B87F-11100A218520}.Ad-Hoc|ARM.ActiveCfg = Ad-Hoc|iPhone
		{B0B3A150-E51B-4170-B87F-11100A218520}.Ad-Hoc|ARM.Build.0 = Ad-Hoc|iPhone
		{B0B3A150-E51B-4170-B87F-11100A218520}.Ad-Hoc|ARM.Deploy.0 = Ad-Hoc|iPhone
		{B0B3A150-E51B-4170-B87F-11100A218520}.Ad-Hoc|iPhone.ActiveCfg = Ad-Hoc|iPhone
		{B0B3A150-E51B-4170-B87F-11100A218520}.Ad-Hoc|iPhone.Build.0 = Ad-Hoc|iPhone
		{B0B3A150-E51B-4170-B87F-11100A218520}.Ad-Hoc|iPhone.Deploy.0 = Ad-Hoc|iPhone
		{B0B3A150-E51B-4170-B87F-11100A218520}.Ad-Hoc|iPhoneSimulator.ActiveCfg = Ad-Hoc|iPhoneSimulator
		{B0B3A150-E51B-4170-B87F-11100A218520}.Ad-Hoc|iPhoneSimulator.Build.0 = Ad-Hoc|iPhoneSimulator
		{B0B3A150-E51B-4170-B87F-11100A218520}.Ad-Hoc|iPhoneSimulator.Deploy.0 = Ad-Hoc|iPhoneSimulator
		{B0B3A150-E51B-4170-B87F-11100A218520}.Ad-Hoc|x64.ActiveCfg = Ad-Hoc|iPhone
		{B0B3A150-E51B-4170-B87F-11100A218520}.Ad-Hoc|x64.Build.0 = Ad-Hoc|iPhone
		{B0B3A150-E51B-4170-B87F-11100A218520}.Ad-Hoc|x64.Deploy.0 = Ad-Hoc|iPhone
		{B0B3A150-E51B-4170-B87F-11100A218520}.Ad-Hoc|x86.ActiveCfg = Ad-Hoc|iPhone
		{B0B3A150-E51B-4170-B87F-11100A218520}.Ad-Hoc|x86.Build.0 = Ad-Hoc|iPhone
		{B0B3A150-E51B-4170-B87F-11100A218520}.Ad-Hoc|x86.Deploy.0 = Ad-Hoc|iPhone
		{B0B3A150-E51B-4170-B87F-11100A218520}.AppStore|Any CPU.ActiveCfg = AppStore|iPhone
		{B0B3A150-E51B-4170-B87F-11100A218520}.AppStore|Any CPU.Build.0 = AppStore|iPhone
		{B0B3A150-E51B-4170-B87F-11100A218520}.AppStore|Any CPU.Deploy.0 = AppStore|iPhone
		{B0B3A150-E51B-4170-B87F-11100A218520}.AppStore|ARM.ActiveCfg = AppStore|iPhone
		{B0B3A150-E51B-4170-B87F-11100A218520}.AppStore|ARM.Build.0 = AppStore|iPhone
		{B0B3A150-E51B-4170-B87F-11100A218520}.AppStore|ARM.Deploy.0 = AppStore|iPhone
		{B0B3A150-E51B-4170-B87F-11100A218520}.AppStore|iPhone.ActiveCfg = AppStore|iPhone
		{B0B3A150-E51B-4170-B87F-11100A218520}.AppStore|iPhone.Build.0 = AppStore|iPhone
		{B0B3A150-E51B-4170-B87F-11100A218520}.AppStore|iPhone.Deploy.0 = AppStore|iPhone
		{B0B3A150-E51B-4170-B87F-11100A218520}.AppStore|iPhoneSimulator.ActiveCfg = AppStore|iPhoneSimulator
		{B0B3A150-E51B-4170-B87F-11100A218520}.AppStore|iPhoneSimulator.Build.0 = AppStore|iPhoneSimulator
		{B0B3A150-E51B-4170-B87F-11100A218520}.AppStore|iPhoneSimulator.Deploy.0 = AppStore|iPhoneSimulator
		{B0B3A150-E51B-4170-B87F-11100A218520}.AppStore|x64.ActiveCfg = AppStore|iPhone
		{B0B3A150-E51B-4170-B87F-11100A218520}.AppStore|x64.Build.0 = AppStore|iPhone
		{B0B3A150-E51B-4170-B87F-11100A218520}.AppStore|x64.Deploy.0 = AppStore|iPhone
		{B0B3A150-E51B-4170-B87F-11100A218520}.AppStore|x86.ActiveCfg = AppStore|iPhone
		{B0B3A150-E51B-4170-B87F-11100A218520}.AppStore|x86.Build.0 = AppStore|iPhone
		{B0B3A150-E51B-4170-B87F-11100A218520}.AppStore|x86.Deploy.0 = AppStore|iPhone
		{B0B3A150-E51B-4170-B87F-11100A218520}.Debug|Any CPU.ActiveCfg = Debug|iPhone
		{B0B3A150-E51B-4170-B87F-11100A218520}.Debug|Any CPU.Build.0 = Debug|iPhone
		{B0B3A150-E51B-4170-B87F-11100A218520}.Debug|Any CPU.Deploy.0 = Debug|iPhone
		{B0B3A150-E51B-4170-B87F-11100A218520}.Debug|ARM.ActiveCfg = Debug|iPhone
		{B0B3A150-E51B-4170-B87F-11100A218520}.Debug|ARM.Build.0 = Debug|iPhone
		{B0B3A150-E51B-4170-B87F-11100A218520}.Debug|ARM.Deploy.0 = Debug|iPhone
		{B0B3A150-E51B-4170-B87F-11100A218520}.Debug|iPhone.ActiveCfg = Debug|iPhone
		{B0B3A150-E51B-4170-B87F-11100A218520}.Debug|iPhone.Build.0 = Debug|iPhone
		{B0B3A150-E51B-4170-B87F-11100A218520}.Debug|iPhone.Deploy.0 = Debug|iPhone
		{B0B3A150-E51B-4170-B87F-11100A218520}.Debug|iPhoneSimulator.ActiveCfg = Debug|iPhoneSimulator
		{B0B3A150-E51B-4170-B87F-11100A218520}.Debug|iPhoneSimulator.Build.0 = Debug|iPhoneSimulator
		{B0B3A150-E51B-4170-B87F-11100A218520}.Debug|iPhoneSimulator.Deploy.0 = Debug|iPhoneSimulator
		{B0B3A150-E51B-4170-B87F-11100A218520}.Debug|x64.ActiveCfg = Debug|iPhone
		{B0B3A150-E51B-4170-B87F-11100A218520}.Debug|x64.Build.0 = Debug|iPhone
		{B0B3A150-E51B-4170-B87F-11100A218520}.Debug|x64.Deploy.0 = Debug|iPhone
		{B0B3A150-E51B-4170-B87F-11100A218520}.Debug|x86.ActiveCfg = Debug|iPhoneSimulator
		{B0B3A150-E51B-4170-B87F-11100A218520}.Debug|x86.Build.0 = Debug|iPhoneSimulator
		{B0B3A150-E51B-4170-B87F-11100A218520}.Debug|x86.Deploy.0 = Debug|iPhoneSimulator
		{B0B3A150-E51B-4170-B87F-11100A218520}.Release|Any CPU.ActiveCfg = Release|iPhone
		{B0B3A150-E51B-4170-B87F-11100A218520}.Release|Any CPU.Build.0 = Release|iPhone
		{B0B3A150-E51B-4170-B87F-11100A218520}.Release|Any CPU.Deploy.0 = Release|iPhone
		{B0B3A150-E51B-4170-B87F-11100A218520}.Release|ARM.ActiveCfg = Release|iPhone
		{B0B3A150-E51B-4170-B87F-11100A218520}.Release|ARM.Build.0 = Release|iPhone
		{B0B3A150-E51B-4170-B87F-11100A218520}.Release|ARM.Deploy.0 = Release|iPhone
		{B0B3A150-E51B-4170-B87F-11100A218520}.Release|iPhone.ActiveCfg = Release|iPhone
		{B0B3A150-E51B-4170-B87F-11100A218520}.Release|iPhone.Build.0 = Release|iPhone
		{B0B3A150-E51B-4170-B87F-11100A218520}.Release|iPhone.Deploy.0 = Release|iPhone
		{B0B3A150-E51B-4170-B87F-11100A218520}.Release|iPhoneSimulator.ActiveCfg = Release|iPhoneSimulator
		{B0B3A150-E51B-4170-B87F-11100A218520}.Release|iPhoneSimulator.Build.0 = Release|iPhoneSimulator
		{B0B3A150-E51B-4170-B87F-11100A218520}.Release|iPhoneSimulator.Deploy.0 = Release|iPhoneSimulator
		{B0B3A150-E51B-4170-B87F-11100A218520}.Release|x64.ActiveCfg = Release|iPhone
		{B0B3A150-E51B-4170-B87F-11100A218520}.Release|x64.Build.0 = Release|iPhone
		{B0B3A150-E51B-4170-B87F-11100A218520}.Release|x64.Deploy.0 = Release|iPhone
		{B0B3A150-E51B-4170-B87F-11100A218520}.Release|x86.ActiveCfg = Release|iPhone
		{B0B3A150-E51B-4170-B87F-11100A218520}.Release|x86.Build.0 = Release|iPhone
		{B0B3A150-E51B-4170-B87F-11100A218520}.Release|x86.Deploy.0 = Release|iPhone
		{28319D48-063F-49E2-94DA-A0B3EE7287B3}.Ad-Hoc|Any CPU.ActiveCfg = Release|x86
		{28319D48-063F-49E2-94DA-A0B3EE7287B3}.Ad-Hoc|Any CPU.Build.0 = Release|x86
		{28319D48-063F-49E2-94DA-A0B3EE7287B3}.Ad-Hoc|Any CPU.Deploy.0 = Release|x86
		{28319D48-063F-49E2-94DA-A0B3EE7287B3}.Ad-Hoc|ARM.ActiveCfg = Release|ARM
		{28319D48-063F-49E2-94DA-A0B3EE7287B3}.Ad-Hoc|ARM.Build.0 = Release|ARM
		{28319D48-063F-49E2-94DA-A0B3EE7287B3}.Ad-Hoc|ARM.Deploy.0 = Release|ARM
		{28319D48-063F-49E2-94DA-A0B3EE7287B3}.Ad-Hoc|iPhone.ActiveCfg = Release|x86
		{28319D48-063F-49E2-94DA-A0B3EE7287B3}.Ad-Hoc|iPhone.Build.0 = Release|x86
		{28319D48-063F-49E2-94DA-A0B3EE7287B3}.Ad-Hoc|iPhone.Deploy.0 = Release|x86
		{28319D48-063F-49E2-94DA-A0B3EE7287B3}.Ad-Hoc|iPhoneSimulator.ActiveCfg = Release|x86
		{28319D48-063F-49E2-94DA-A0B3EE7287B3}.Ad-Hoc|iPhoneSimulator.Build.0 = Release|x86
		{28319D48-063F-49E2-94DA-A0B3EE7287B3}.Ad-Hoc|iPhoneSimulator.Deploy.0 = Release|x86
		{28319D48-063F-49E2-94DA-A0B3EE7287B3}.Ad-Hoc|x64.ActiveCfg = Release|x64
		{28319D48-063F-49E2-94DA-A0B3EE7287B3}.Ad-Hoc|x64.Build.0 = Release|x64
		{28319D48-063F-49E2-94DA-A0B3EE7287B3}.Ad-Hoc|x64.Deploy.0 = Release|x64
		{28319D48-063F-49E2-94DA-A0B3EE7287B3}.Ad-Hoc|x86.ActiveCfg = Release|x86
		{28319D48-063F-49E2-94DA-A0B3EE7287B3}.Ad-Hoc|x86.Build.0 = Release|x86
		{28319D48-063F-49E2-94DA-A0B3EE7287B3}.Ad-Hoc|x86.Deploy.0 = Release|x86
		{28319D48-063F-49E2-94DA-A0B3EE7287B3}.AppStore|Any CPU.ActiveCfg = Release|x86
		{28319D48-063F-49E2-94DA-A0B3EE7287B3}.AppStore|Any CPU.Build.0 = Release|x86
		{28319D48-063F-49E2-94DA-A0B3EE7287B3}.AppStore|Any CPU.Deploy.0 = Release|x86
		{28319D48-063F-49E2-94DA-A0B3EE7287B3}.AppStore|ARM.ActiveCfg = Release|ARM
		{28319D48-063F-49E2-94DA-A0B3EE7287B3}.AppStore|ARM.Build.0 = Release|ARM
		{28319D48-063F-49E2-94DA-A0B3EE7287B3}.AppStore|ARM.Deploy.0 = Release|ARM
		{28319D48-063F-49E2-94DA-A0B3EE7287B3}.AppStore|iPhone.ActiveCfg = Release|x86
		{28319D48-063F-49E2-94DA-A0B3EE7287B3}.AppStore|iPhone.Build.0 = Release|x86
		{28319D48-063F-49E2-94DA-A0B3EE7287B3}.AppStore|iPhone.Deploy.0 = Release|x86
		{28319D48-063F-49E2-94DA-A0B3EE7287B3}.AppStore|iPhoneSimulator.ActiveCfg = Release|x86
		{28319D48-063F-49E2-94DA-A0B3EE7287B3}.AppStore|iPhoneSimulator.Build.0 = Release|x86
		{28319D48-063F-49E2-94DA-A0B3EE7287B3}.AppStore|iPhoneSimulator.Deploy.0 = Release|x86
		{28319D48-063F-49E2-94DA-A0B3EE7287B3}.AppStore|x64.ActiveCfg = Release|x64
		{28319D48-063F-49E2-94DA-A0B3EE7287B3}.AppStore|x64.Build.0 = Release|x64
		{28319D48-063F-49E2-94DA-A0B3EE7287B3}.AppStore|x64.Deploy.0 = Release|x64
		{28319D48-063F-49E2-94DA-A0B3EE7287B3}.AppStore|x86.ActiveCfg = Release|x86
		{28319D48-063F-49E2-94DA-A0B3EE7287B3}.AppStore|x86.Build.0 = Release|x86
		{28319D48-063F-49E2-94DA-A0B3EE7287B3}.AppStore|x86.Deploy.0 = Release|x86
		{28319D48-063F-49E2-94DA-A0B3EE7287B3}.Debug|Any CPU.ActiveCfg = Debug|x86
		{28319D48-063F-49E2-94DA-A0B3EE7287B3}.Debug|Any CPU.Build.0 = Debug|x86
		{28319D48-063F-49E2-94DA-A0B3EE7287B3}.Debug|Any CPU.Deploy.0 = Debug|x86
		{28319D48-063F-49E2-94DA-A0B3EE7287B3}.Debug|ARM.ActiveCfg = Debug|ARM
		{28319D48-063F-49E2-94DA-A0B3EE7287B3}.Debug|ARM.Build.0 = Debug|ARM
		{28319D48-063F-49E2-94DA-A0B3EE7287B3}.Debug|ARM.Deploy.0 = Debug|ARM
		{28319D48-063F-49E2-94DA-A0B3EE7287B3}.Debug|iPhone.ActiveCfg = Debug|x86
		{28319D48-063F-49E2-94DA-A0B3EE7287B3}.Debug|iPhone.Build.0 = Debug|x86
		{28319D48-063F-49E2-94DA-A0B3EE7287B3}.Debug|iPhone.Deploy.0 = Debug|x86
		{28319D48-063F-49E2-94DA-A0B3EE7287B3}.Debug|iPhoneSimulator.ActiveCfg = Debug|x86
		{28319D48-063F-49E2-94DA-A0B3EE7287B3}.Debug|iPhoneSimulator.Build.0 = Debug|x86
		{28319D48-063F-49E2-94DA-A0B3EE7287B3}.Debug|iPhoneSimulator.Deploy.0 = Debug|x86
		{28319D48-063F-49E2-94DA-A0B3EE7287B3}.Debug|x64.ActiveCfg = Debug|x64
		{28319D48-063F-49E2-94DA-A0B3EE7287B3}.Debug|x64.Build.0 = Debug|x64
		{28319D48-063F-49E2-94DA-A0B3EE7287B3}.Debug|x64.Deploy.0 = Debug|x64
		{28319D48-063F-49E2-94DA-A0B3EE7287B3}.Debug|x86.ActiveCfg = Debug|x86
		{28319D48-063F-49E2-94DA-A0B3EE7287B3}.Debug|x86.Build.0 = Debug|x86
		{28319D48-063F-49E2-94DA-A0B3EE7287B3}.Debug|x86.Deploy.0 = Debug|x86
		{28319D48-063F-49E2-94DA-A0B3EE7287B3}.Release|Any CPU.ActiveCfg = Release|x86
		{28319D48-063F-49E2-94DA-A0B3EE7287B3}.Release|Any CPU.Build.0 = Release|x86
		{28319D48-063F-49E2-94DA-A0B3EE7287B3}.Release|Any CPU.Deploy.0 = Release|x86
		{28319D48-063F-49E2-94DA-A0B3EE7287B3}.Release|ARM.ActiveCfg = Release|ARM
		{28319D48-063F-49E2-94DA-A0B3EE7287B3}.Release|ARM.Build.0 = Release|ARM
		{28319D48-063F-49E2-94DA-A0B3EE7287B3}.Release|ARM.Deploy.0 = Release|ARM
		{28319D48-063F-49E2-94DA-A0B3EE7287B3}.Release|iPhone.ActiveCfg = Release|x86
		{28319D48-063F-49E2-94DA-A0B3EE7287B3}.Release|iPhone.Build.0 = Release|x86
		{28319D48-063F-49E2-94DA-A0B3EE7287B3}.Release|iPhone.Deploy.0 = Release|x86
		{28319D48-063F-49E2-94DA-A0B3EE7287B3}.Release|iPhoneSimulator.ActiveCfg = Release|x86
		{28319D48-063F-49E2-94DA-A0B3EE7287B3}.Release|iPhoneSimulator.Build.0 = Release|x86
		{28319D48-063F-49E2-94DA-A0B3EE7287B3}.Release|iPhoneSimulator.Deploy.0 = Release|x86
		{28319D48-063F-49E2-94DA-A0B3EE7287B3}.Release|x64.ActiveCfg = Release|x64
		{28319D48-063F-49E2-94DA-A0B3EE7287B3}.Release|x64.Build.0 = Release|x64
		{28319D48-063F-49E2-94DA-A0B3EE7287B3}.Release|x64.Deploy.0 = Release|x64
		{28319D48-063F-49E2-94DA-A0B3EE7287B3}.Release|x86.ActiveCfg = Release|x86
		{28319D48-063F-49E2-94DA-A0B3EE7287B3}.Release|x86.Build.0 = Release|x86
		{28319D48-063F-49E2-94DA-A0B3EE7287B3}.Release|x86.Deploy.0 = Release|x86
		{AD62932D-B0ED-4EC5-9CA5-2E8507C7B3A1}.Ad-Hoc|Any CPU.ActiveCfg = Debug|Any CPU
		{AD62932D-B0ED-4EC5-9CA5-2E8507C7B3A1}.Ad-Hoc|Any CPU.Build.0 = Debug|Any CPU
		{AD62932D-B0ED-4EC5-9CA5-2E8507C7B3A1}.Ad-Hoc|Any CPU.Deploy.0 = Debug|Any CPU
		{AD62932D-B0ED-4EC5-9CA5-2E8507C7B3A1}.Ad-Hoc|ARM.ActiveCfg = Debug|Any CPU
		{AD62932D-B0ED-4EC5-9CA5-2E8507C7B3A1}.Ad-Hoc|ARM.Build.0 = Debug|Any CPU
		{AD62932D-B0ED-4EC5-9CA5-2E8507C7B3A1}.Ad-Hoc|ARM.Deploy.0 = Debug|Any CPU
		{AD62932D-B0ED-4EC5-9CA5-2E8507C7B3A1}.Ad-Hoc|iPhone.ActiveCfg = Debug|Any CPU
		{AD62932D-B0ED-4EC5-9CA5-2E8507C7B3A1}.Ad-Hoc|iPhone.Build.0 = Debug|Any CPU
		{AD62932D-B0ED-4EC5-9CA5-2E8507C7B3A1}.Ad-Hoc|iPhone.Deploy.0 = Debug|Any CPU
		{AD62932D-B0ED-4EC5-9CA5-2E8507C7B3A1}.Ad-Hoc|iPhoneSimulator.ActiveCfg = Debug|Any CPU
		{AD62932D-B0ED-4EC5-9CA5-2E8507C7B3A1}.Ad-Hoc|iPhoneSimulator.Build.0 = Debug|Any CPU
		{AD62932D-B0ED-4EC5-9CA5-2E8507C7B3A1}.Ad-Hoc|iPhoneSimulator.Deploy.0 = Debug|Any CPU
		{AD62932D-B0ED-4EC5-9CA5-2E8507C7B3A1}.Ad-Hoc|x64.ActiveCfg = Debug|Any CPU
		{AD62932D-B0ED-4EC5-9CA5-2E8507C7B3A1}.Ad-Hoc|x64.Build.0 = Debug|Any CPU
		{AD62932D-B0ED-4EC5-9CA5-2E8507C7B3A1}.Ad-Hoc|x64.Deploy.0 = Debug|Any CPU
		{AD62932D-B0ED-4EC5-9CA5-2E8507C7B3A1}.Ad-Hoc|x86.ActiveCfg = Debug|Any CPU
		{AD62932D-B0ED-4EC5-9CA5-2E8507C7B3A1}.Ad-Hoc|x86.Build.0 = Debug|Any CPU
		{AD62932D-B0ED-4EC5-9CA5-2E8507C7B3A1}.Ad-Hoc|x86.Deploy.0 = Debug|Any CPU
		{AD62932D-B0ED-4EC5-9CA5-2E8507C7B3A1}.AppStore|Any CPU.ActiveCfg = Debug|Any CPU
		{AD62932D-B0ED-4EC5-9CA5-2E8507C7B3A1}.AppStore|Any CPU.Build.0 = Debug|Any CPU
		{AD62932D-B0ED-4EC5-9CA5-2E8507C7B3A1}.AppStore|Any CPU.Deploy.0 = Debug|Any CPU
		{AD62932D-B0ED-4EC5-9CA5-2E8507C7B3A1}.AppStore|ARM.ActiveCfg = Debug|Any CPU
		{AD62932D-B0ED-4EC5-9CA5-2E8507C7B3A1}.AppStore|ARM.Build.0 = Debug|Any CPU
		{AD62932D-B0ED-4EC5-9CA5-2E8507C7B3A1}.AppStore|ARM.Deploy.0 = Debug|Any CPU
		{AD62932D-B0ED-4EC5-9CA5-2E8507C7B3A1}.AppStore|iPhone.ActiveCfg = Debug|Any CPU
		{AD62932D-B0ED-4EC5-9CA5-2E8507C7B3A1}.AppStore|iPhone.Build.0 = Debug|Any CPU
		{AD62932D-B0ED-4EC5-9CA5-2E8507C7B3A1}.AppStore|iPhone.Deploy.0 = Debug|Any CPU
		{AD62932D-B0ED-4EC5-9CA5-2E8507C7B3A1}.AppStore|iPhoneSimulator.ActiveCfg = Debug|Any CPU
		{AD62932D-B0ED-4EC5-9CA5-2E8507C7B3A1}.AppStore|iPhoneSimulator.Build.0 = Debug|Any CPU
		{AD62932D-B0ED-4EC5-9CA5-2E8507C7B3A1}.AppStore|iPhoneSimulator.Deploy.0 = Debug|Any CPU
		{AD62932D-B0ED-4EC5-9CA5-2E8507C7B3A1}.AppStore|x64.ActiveCfg = Debug|Any CPU
		{AD62932D-B0ED-4EC5-9CA5-2E8507C7B3A1}.AppStore|x64.Build.0 = Debug|Any CPU
		{AD62932D-B0ED-4EC5-9CA5-2E8507C7B3A1}.AppStore|x64.Deploy.0 = Debug|Any CPU
		{AD62932D-B0ED-4EC5-9CA5-2E8507C7B3A1}.AppStore|x86.ActiveCfg = Debug|Any CPU
		{AD62932D-B0ED-4EC5-9CA5-2E8507C7B3A1}.AppStore|x86.Build.0 = Debug|Any CPU
		{AD62932D-B0ED-4EC5-9CA5-2E8507C7B3A1}.AppStore|x86.Deploy.0 = Debug|Any CPU
		{AD62932D-B0ED-4EC5-9CA5-2E8507C7B3A1}.Debug|Any CPU.ActiveCfg = Debug|Any CPU
		{AD62932D-B0ED-4EC5-9CA5-2E8507C7B3A1}.Debug|Any CPU.Build.0 = Debug|Any CPU
		{AD62932D-B0ED-4EC5-9CA5-2E8507C7B3A1}.Debug|Any CPU.Deploy.0 = Debug|Any CPU
		{AD62932D-B0ED-4EC5-9CA5-2E8507C7B3A1}.Debug|ARM.ActiveCfg = Debug|Any CPU
		{AD62932D-B0ED-4EC5-9CA5-2E8507C7B3A1}.Debug|ARM.Build.0 = Debug|Any CPU
		{AD62932D-B0ED-4EC5-9CA5-2E8507C7B3A1}.Debug|ARM.Deploy.0 = Debug|Any CPU
		{AD62932D-B0ED-4EC5-9CA5-2E8507C7B3A1}.Debug|iPhone.ActiveCfg = Debug|Any CPU
		{AD62932D-B0ED-4EC5-9CA5-2E8507C7B3A1}.Debug|iPhone.Build.0 = Debug|Any CPU
		{AD62932D-B0ED-4EC5-9CA5-2E8507C7B3A1}.Debug|iPhone.Deploy.0 = Debug|Any CPU
		{AD62932D-B0ED-4EC5-9CA5-2E8507C7B3A1}.Debug|iPhoneSimulator.ActiveCfg = Debug|Any CPU
		{AD62932D-B0ED-4EC5-9CA5-2E8507C7B3A1}.Debug|iPhoneSimulator.Build.0 = Debug|Any CPU
		{AD62932D-B0ED-4EC5-9CA5-2E8507C7B3A1}.Debug|iPhoneSimulator.Deploy.0 = Debug|Any CPU
		{AD62932D-B0ED-4EC5-9CA5-2E8507C7B3A1}.Debug|x64.ActiveCfg = Debug|Any CPU
		{AD62932D-B0ED-4EC5-9CA5-2E8507C7B3A1}.Debug|x64.Build.0 = Debug|Any CPU
		{AD62932D-B0ED-4EC5-9CA5-2E8507C7B3A1}.Debug|x64.Deploy.0 = Debug|Any CPU
		{AD62932D-B0ED-4EC5-9CA5-2E8507C7B3A1}.Debug|x86.ActiveCfg = Debug|Any CPU
		{AD62932D-B0ED-4EC5-9CA5-2E8507C7B3A1}.Debug|x86.Build.0 = Debug|Any CPU
		{AD62932D-B0ED-4EC5-9CA5-2E8507C7B3A1}.Debug|x86.Deploy.0 = Debug|Any CPU
		{AD62932D-B0ED-4EC5-9CA5-2E8507C7B3A1}.Release|Any CPU.ActiveCfg = Release|Any CPU
		{AD62932D-B0ED-4EC5-9CA5-2E8507C7B3A1}.Release|Any CPU.Build.0 = Release|Any CPU
		{AD62932D-B0ED-4EC5-9CA5-2E8507C7B3A1}.Release|Any CPU.Deploy.0 = Release|Any CPU
		{AD62932D-B0ED-4EC5-9CA5-2E8507C7B3A1}.Release|ARM.ActiveCfg = Release|Any CPU
		{AD62932D-B0ED-4EC5-9CA5-2E8507C7B3A1}.Release|ARM.Build.0 = Release|Any CPU
		{AD62932D-B0ED-4EC5-9CA5-2E8507C7B3A1}.Release|ARM.Deploy.0 = Release|Any CPU
		{AD62932D-B0ED-4EC5-9CA5-2E8507C7B3A1}.Release|iPhone.ActiveCfg = Release|Any CPU
		{AD62932D-B0ED-4EC5-9CA5-2E8507C7B3A1}.Release|iPhone.Build.0 = Release|Any CPU
		{AD62932D-B0ED-4EC5-9CA5-2E8507C7B3A1}.Release|iPhone.Deploy.0 = Release|Any CPU
		{AD62932D-B0ED-4EC5-9CA5-2E8507C7B3A1}.Release|iPhoneSimulator.ActiveCfg = Release|Any CPU
		{AD62932D-B0ED-4EC5-9CA5-2E8507C7B3A1}.Release|iPhoneSimulator.Build.0 = Release|Any CPU
		{AD62932D-B0ED-4EC5-9CA5-2E8507C7B3A1}.Release|iPhoneSimulator.Deploy.0 = Release|Any CPU
		{AD62932D-B0ED-4EC5-9CA5-2E8507C7B3A1}.Release|x64.ActiveCfg = Release|Any CPU
		{AD62932D-B0ED-4EC5-9CA5-2E8507C7B3A1}.Release|x64.Build.0 = Release|Any CPU
		{AD62932D-B0ED-4EC5-9CA5-2E8507C7B3A1}.Release|x64.Deploy.0 = Release|Any CPU
		{AD62932D-B0ED-4EC5-9CA5-2E8507C7B3A1}.Release|x86.ActiveCfg = Release|Any CPU
		{AD62932D-B0ED-4EC5-9CA5-2E8507C7B3A1}.Release|x86.Build.0 = Release|Any CPU
		{AD62932D-B0ED-4EC5-9CA5-2E8507C7B3A1}.Release|x86.Deploy.0 = Release|Any CPU
	EndGlobalSection
	GlobalSection(SolutionProperties) = preSolution
		HideSolutionNode = FALSE
	EndGlobalSection
	GlobalSection(ExtensibilityGlobals) = postSolution
		SolutionGuid = {6F5D8B87-2CD6-401C-8B6A-4661297F262D}
	EndGlobalSection
EndGlobal
